
Microsoft Visual Studio Solution File, Format Version 12.00
# Visual Studio Version 17
VisualStudioVersion = 17.5.33516.290
MinimumVisualStudioVersion = 10.0.40219.1
Project("{888888A0-9F3D-457C-B088-3A5042F75D52}") = "Concatenacion", "Concatenacion\Concatenacion.pyproj", "{7B589F46-36CA-4C59-8C82-D3B92491302E}"
EndProject
Global
	GlobalSection(SolutionConfigurationPlatforms) = preSolution
		Debug|Any CPU = Debug|Any CPU
		Release|Any CPU = Release|Any CPU
	EndGlobalSection
	GlobalSection(ProjectConfigurationPlatforms) = postSolution
		{7B589F46-36CA-4C59-8C82-D3B92491302E}.Debug|Any CPU.ActiveCfg = Debug|Any CPU
		{7B589F46-36CA-4C59-8C82-D3B92491302E}.Release|Any CPU.ActiveCfg = Release|Any CPU
	EndGlobalSection
	GlobalSection(SolutionProperties) = preSolution
		HideSolutionNode = FALSE
	EndGlobalSection
	GlobalSection(ExtensibilityGlobals) = postSolution
		SolutionGuid = {0E6582DC-8594-49A9-986D-F8BD0AE99433}
	EndGlobalSection
EndGlobal
